
Microsoft Visual Studio Solution File, Format Version 12.00
# Visual Studio Version 16
VisualStudioVersion = 16.0.29709.97
MinimumVisualStudioVersion = 10.0.40219.1
Project("{FAE04EC0-301F-11D3-BF4B-00C04F79EFBC}") = "uberChat", "uberChat\uberChat.csproj", "{A42340CD-8BED-46E6-93CA-F5F6214758A9}"
EndProject
Global
	GlobalSection(SolutionConfigurationPlatforms) = preSolution
		Debug|Any CPU = Debug|Any CPU
		Release|Any CPU = Release|Any CPU
	EndGlobalSection
	GlobalSection(ProjectConfigurationPlatforms) = postSolution
		{A42340CD-8BED-46E6-93CA-F5F6214758A9}.Debug|Any CPU.ActiveCfg = Debug|Any CPU
		{A42340CD-8BED-46E6-93CA-F5F6214758A9}.Debug|Any CPU.Build.0 = Debug|Any CPU
		{A42340CD-8BED-46E6-93CA-F5F6214758A9}.Release|Any CPU.ActiveCfg = Release|Any CPU
		{A42340CD-8BED-46E6-93CA-F5F6214758A9}.Release|Any CPU.Build.0 = Release|Any CPU
	EndGlobalSection
	GlobalSection(SolutionProperties) = preSolution
		HideSolutionNode = FALSE
	EndGlobalSection
	GlobalSection(ExtensibilityGlobals) = postSolution
		SolutionGuid = {37AA142A-7D63-443D-8EF2-F93A4221A6BE}
	EndGlobalSection
EndGlobal
